
Microsoft Visual Studio Solution File, Format Version 12.00
# Visual Studio Version 17
VisualStudioVersion = 17.8.34525.116
MinimumVisualStudioVersion = 10.0.40219.1
Project("{9A19103F-16F7-4668-BE54-9A1E7A4F7556}") = "NZWalksUdemy.API", "NZWalksUdemy.API\NZWalksUdemy.API.csproj", "{7EEE6CC5-6C17-4469-A0B4-8ABFE1E68CEB}"
EndProject
Project("{FAE04EC0-301F-11D3-BF4B-00C04F79EFBC}") = "NZWalks.WEB", "NZWalks.WEB\NZWalks.WEB.csproj", "{497146D0-1881-4C9C-A37E-1E7C3194A0D6}"
EndProject
Global
	GlobalSection(SolutionConfigurationPlatforms) = preSolution
		Debug|Any CPU = Debug|Any CPU
		Release|Any CPU = Release|Any CPU
	EndGlobalSection
	GlobalSection(ProjectConfigurationPlatforms) = postSolution
		{7EEE6CC5-6C17-4469-A0B4-8ABFE1E68CEB}.Debug|Any CPU.ActiveCfg = Debug|Any CPU
		{7EEE6CC5-6C17-4469-A0B4-8ABFE1E68CEB}.Debug|Any CPU.Build.0 = Debug|Any CPU
		{7EEE6CC5-6C17-4469-A0B4-8ABFE1E68CEB}.Release|Any CPU.ActiveCfg = Release|Any CPU
		{7EEE6CC5-6C17-4469-A0B4-8ABFE1E68CEB}.Release|Any CPU.Build.0 = Release|Any CPU
		{497146D0-1881-4C9C-A37E-1E7C3194A0D6}.Debug|Any CPU.ActiveCfg = Debug|Any CPU
		{497146D0-1881-4C9C-A37E-1E7C3194A0D6}.Debug|Any CPU.Build.0 = Debug|Any CPU
		{497146D0-1881-4C9C-A37E-1E7C3194A0D6}.Release|Any CPU.ActiveCfg = Release|Any CPU
		{497146D0-1881-4C9C-A37E-1E7C3194A0D6}.Release|Any CPU.Build.0 = Release|Any CPU
	EndGlobalSection
	GlobalSection(SolutionProperties) = preSolution
		HideSolutionNode = FALSE
	EndGlobalSection
	GlobalSection(ExtensibilityGlobals) = postSolution
		SolutionGuid = {7025C03E-6F9B-401E-8D03-7F1EE3CE3ED8}
	EndGlobalSection
EndGlobal
